
Microsoft Visual Studio Solution File, Format Version 12.00
# Visual Studio Version 16
VisualStudioVersion = 16.0.30804.86
MinimumVisualStudioVersion = 10.0.40219.1
Project("{FAE04EC0-301F-11D3-BF4B-00C04F79EFBC}") = "UD4_Ex11", "UD4_Ex11\UD4_Ex11.csproj", "{05F179BB-B248-48D6-90C3-C58C6B2AFEAD}"
EndProject
Global
	GlobalSection(SolutionConfigurationPlatforms) = preSolution
		Debug|Any CPU = Debug|Any CPU
		Release|Any CPU = Release|Any CPU
	EndGlobalSection
	GlobalSection(ProjectConfigurationPlatforms) = postSolution
		{05F179BB-B248-48D6-90C3-C58C6B2AFEAD}.Debug|Any CPU.ActiveCfg = Debug|Any CPU
		{05F179BB-B248-48D6-90C3-C58C6B2AFEAD}.Debug|Any CPU.Build.0 = Debug|Any CPU
		{05F179BB-B248-48D6-90C3-C58C6B2AFEAD}.Release|Any CPU.ActiveCfg = Release|Any CPU
		{05F179BB-B248-48D6-90C3-C58C6B2AFEAD}.Release|Any CPU.Build.0 = Release|Any CPU
	EndGlobalSection
	GlobalSection(SolutionProperties) = preSolution
		HideSolutionNode = FALSE
	EndGlobalSection
	GlobalSection(ExtensibilityGlobals) = postSolution
		SolutionGuid = {D851127B-2D9C-491C-AC7D-1D2188ED0016}
	EndGlobalSection
EndGlobal
