
Microsoft Visual Studio Solution File, Format Version 12.00
# Visual Studio Version 16
VisualStudioVersion = 16.0.30804.86
MinimumVisualStudioVersion = 10.0.40219.1
Project("{FAE04EC0-301F-11D3-BF4B-00C04F79EFBC}") = "UD4_Ex21", "UD4_Ex21\UD4_Ex21.csproj", "{AF4BAD41-B0B7-421F-AC27-EB54D9AC2806}"
EndProject
Global
	GlobalSection(SolutionConfigurationPlatforms) = preSolution
		Debug|Any CPU = Debug|Any CPU
		Release|Any CPU = Release|Any CPU
	EndGlobalSection
	GlobalSection(ProjectConfigurationPlatforms) = postSolution
		{AF4BAD41-B0B7-421F-AC27-EB54D9AC2806}.Debug|Any CPU.ActiveCfg = Debug|Any CPU
		{AF4BAD41-B0B7-421F-AC27-EB54D9AC2806}.Debug|Any CPU.Build.0 = Debug|Any CPU
		{AF4BAD41-B0B7-421F-AC27-EB54D9AC2806}.Release|Any CPU.ActiveCfg = Release|Any CPU
		{AF4BAD41-B0B7-421F-AC27-EB54D9AC2806}.Release|Any CPU.Build.0 = Release|Any CPU
	EndGlobalSection
	GlobalSection(SolutionProperties) = preSolution
		HideSolutionNode = FALSE
	EndGlobalSection
	GlobalSection(ExtensibilityGlobals) = postSolution
		SolutionGuid = {2393DCB7-9AF6-4D6C-8A7E-065DF832A4EB}
	EndGlobalSection
EndGlobal
