
Microsoft Visual Studio Solution File, Format Version 12.00
# Visual Studio Version 16
VisualStudioVersion = 16.0.30804.86
MinimumVisualStudioVersion = 10.0.40219.1
Project("{FAE04EC0-301F-11D3-BF4B-00C04F79EFBC}") = "UD4_Ex12", "UD4_Ex12\UD4_Ex12.csproj", "{9283B102-26B3-4393-8D1C-C52E44979006}"
EndProject
Global
	GlobalSection(SolutionConfigurationPlatforms) = preSolution
		Debug|Any CPU = Debug|Any CPU
		Release|Any CPU = Release|Any CPU
	EndGlobalSection
	GlobalSection(ProjectConfigurationPlatforms) = postSolution
		{9283B102-26B3-4393-8D1C-C52E44979006}.Debug|Any CPU.ActiveCfg = Debug|Any CPU
		{9283B102-26B3-4393-8D1C-C52E44979006}.Debug|Any CPU.Build.0 = Debug|Any CPU
		{9283B102-26B3-4393-8D1C-C52E44979006}.Release|Any CPU.ActiveCfg = Release|Any CPU
		{9283B102-26B3-4393-8D1C-C52E44979006}.Release|Any CPU.Build.0 = Release|Any CPU
	EndGlobalSection
	GlobalSection(SolutionProperties) = preSolution
		HideSolutionNode = FALSE
	EndGlobalSection
	GlobalSection(ExtensibilityGlobals) = postSolution
		SolutionGuid = {A620D387-2A02-4F14-AD88-442A7790D8E0}
	EndGlobalSection
EndGlobal
