
Microsoft Visual Studio Solution File, Format Version 12.00
# Visual Studio Version 16
VisualStudioVersion = 16.0.30804.86
MinimumVisualStudioVersion = 10.0.40219.1
Project("{FAE04EC0-301F-11D3-BF4B-00C04F79EFBC}") = "UD4_Ex9", "UD4_Ex9\UD4_Ex9.csproj", "{5590658A-2F7D-4181-9EC5-84F92A177740}"
EndProject
Global
	GlobalSection(SolutionConfigurationPlatforms) = preSolution
		Debug|Any CPU = Debug|Any CPU
		Release|Any CPU = Release|Any CPU
	EndGlobalSection
	GlobalSection(ProjectConfigurationPlatforms) = postSolution
		{5590658A-2F7D-4181-9EC5-84F92A177740}.Debug|Any CPU.ActiveCfg = Debug|Any CPU
		{5590658A-2F7D-4181-9EC5-84F92A177740}.Debug|Any CPU.Build.0 = Debug|Any CPU
		{5590658A-2F7D-4181-9EC5-84F92A177740}.Release|Any CPU.ActiveCfg = Release|Any CPU
		{5590658A-2F7D-4181-9EC5-84F92A177740}.Release|Any CPU.Build.0 = Release|Any CPU
	EndGlobalSection
	GlobalSection(SolutionProperties) = preSolution
		HideSolutionNode = FALSE
	EndGlobalSection
	GlobalSection(ExtensibilityGlobals) = postSolution
		SolutionGuid = {F7D1C7B2-A833-4285-BCF7-7CEDB6D4EA3F}
	EndGlobalSection
EndGlobal
